{
  "name": "terminal-write",
  "version": "1.0.0",
  "lockfileVersion": 3,
  "requires": true,
  "packages": {
    "": {
      "name": "terminal-write",
      "version": "1.0.0",
      "license": "MIT",
      "devDependencies": {
        "shasoft-fs": "file:E:\\Development\\repositories\\npm\\shasoft-fs"
      },
      "engines": {
        "node": ">= 10.18.1",
        "npm": ">= 6.13.4",
        "yarn": ">= 1.21.1"
      }
    },
    "../shasoft-fs": {
      "dev": true,
      "license": "MIT",
      "dependencies": {
        "xml-reader": "^2.4.3"
      },
      "engines": {
        "node": ">= 10.18.1",
        "npm": ">= 6.13.4",
        "yarn": ">= 1.21.1"
      }
    },
    "node_modules/shasoft-fs": {
      "resolved": "../shasoft-fs",
      "link": true
    }
  }
}
